// !$*UTF8*$!
{
	archiveVersion = 1;
	classes = {
	};
	objectVersion = 46;
	objects = {

/* Begin PBXBuildFile section */
		8785227A1C63D51C005952EE /* main.cpp in Sources */ = {isa = PBXBuildFile; fileRef = 878522791C63D51C005952EE /* main.cpp */; };
		878522861C63E816005952EE /* vv_knowledge_nexus.cpp in Sources */ = {isa = PBXBuildFile; fileRef = 878522841C63E816005952EE /* vv_knowledge_nexus.cpp */; };
		878522901C6410A0005952EE /* vv_stimulus_translator.cpp in Sources */ = {isa = PBXBuildFile; fileRef = 8785228E1C6410A0005952EE /* vv_stimulus_translator.cpp */; };
		878522931C641468005952EE /* vv_chatbot_nexus.cpp in Sources */ = {isa = PBXBuildFile; fileRef = 878522911C641468005952EE /* vv_chatbot_nexus.cpp */; };
		878522971C644F40005952EE /* vv_motivation_circuit.cpp in Sources */ = {isa = PBXBuildFile; fileRef = 878522951C644F40005952EE /* vv_motivation_circuit.cpp */; };
		8785229B1C66DA67005952EE /* vv_utilities.cpp in Sources */ = {isa = PBXBuildFile; fileRef = 878522991C66DA67005952EE /* vv_utilities.cpp */; };
		87A6C13E1C9E0B3F00DE9BD4 /* vv_booleanfunctionlearning_nexus.cpp in Sources */ = {isa = PBXBuildFile; fileRef = 87A6C13C1C9E0B3F00DE9BD4 /* vv_booleanfunctionlearning_nexus.cpp */; };
		87A6C1411C9E14FB00DE9BD4 /* random_helper.cpp in Sources */ = {isa = PBXBuildFile; fileRef = 87A6C1401C9E14FB00DE9BD4 /* random_helper.cpp */; };
		87ABF56D1C77E80400AB7A5E /* vv_graphset.cpp in Sources */ = {isa = PBXBuildFile; fileRef = 87ABF56B1C77E80400AB7A5E /* vv_graphset.cpp */; };
/* End PBXBuildFile section */

/* Begin PBXCopyFilesBuildPhase section */
		878522741C63D51C005952EE /* CopyFiles */ = {
			isa = PBXCopyFilesBuildPhase;
			buildActionMask = 2147483647;
			dstPath = /usr/share/man/man1/;
			dstSubfolderSpec = 0;
			files = (
			);
			runOnlyForDeploymentPostprocessing = 1;
		};
/* End PBXCopyFilesBuildPhase section */

/* Begin PBXFileReference section */
		878522761C63D51C005952EE /* chatbot1 */ = {isa = PBXFileReference; explicitFileType = "compiled.mach-o.executable"; includeInIndex = 0; path = chatbot1; sourceTree = BUILT_PRODUCTS_DIR; };
		878522791C63D51C005952EE /* main.cpp */ = {isa = PBXFileReference; lastKnownFileType = sourcecode.cpp.cpp; path = main.cpp; sourceTree = "<group>"; };
		878522841C63E816005952EE /* vv_knowledge_nexus.cpp */ = {isa = PBXFileReference; fileEncoding = 4; lastKnownFileType = sourcecode.cpp.cpp; path = vv_knowledge_nexus.cpp; sourceTree = "<group>"; };
		878522851C63E816005952EE /* vv_knowledge_nexus.hpp */ = {isa = PBXFileReference; fileEncoding = 4; lastKnownFileType = sourcecode.cpp.h; path = vv_knowledge_nexus.hpp; sourceTree = "<group>"; };
		8785228E1C6410A0005952EE /* vv_stimulus_translator.cpp */ = {isa = PBXFileReference; fileEncoding = 4; lastKnownFileType = sourcecode.cpp.cpp; path = vv_stimulus_translator.cpp; sourceTree = "<group>"; };
		8785228F1C6410A0005952EE /* vv_stimulus_translator.hpp */ = {isa = PBXFileReference; fileEncoding = 4; lastKnownFileType = sourcecode.cpp.h; path = vv_stimulus_translator.hpp; sourceTree = "<group>"; };
		878522911C641468005952EE /* vv_chatbot_nexus.cpp */ = {isa = PBXFileReference; fileEncoding = 4; lastKnownFileType = sourcecode.cpp.cpp; path = vv_chatbot_nexus.cpp; sourceTree = "<group>"; };
		878522921C641468005952EE /* vv_chatbot_nexus.hpp */ = {isa = PBXFileReference; fileEncoding = 4; lastKnownFileType = sourcecode.cpp.h; path = vv_chatbot_nexus.hpp; sourceTree = "<group>"; };
		878522951C644F40005952EE /* vv_motivation_circuit.cpp */ = {isa = PBXFileReference; fileEncoding = 4; lastKnownFileType = sourcecode.cpp.cpp; path = vv_motivation_circuit.cpp; sourceTree = "<group>"; };
		878522961C644F40005952EE /* vv_motivation_circuit.hpp */ = {isa = PBXFileReference; fileEncoding = 4; lastKnownFileType = sourcecode.cpp.h; path = vv_motivation_circuit.hpp; sourceTree = "<group>"; };
		878522991C66DA67005952EE /* vv_utilities.cpp */ = {isa = PBXFileReference; fileEncoding = 4; lastKnownFileType = sourcecode.cpp.cpp; path = vv_utilities.cpp; sourceTree = "<group>"; };
		8785229A1C66DA67005952EE /* vv_utilities.hpp */ = {isa = PBXFileReference; fileEncoding = 4; lastKnownFileType = sourcecode.cpp.h; path = vv_utilities.hpp; sourceTree = "<group>"; };
		87A6C13C1C9E0B3F00DE9BD4 /* vv_booleanfunctionlearning_nexus.cpp */ = {isa = PBXFileReference; fileEncoding = 4; lastKnownFileType = sourcecode.cpp.cpp; path = vv_booleanfunctionlearning_nexus.cpp; sourceTree = "<group>"; };
		87A6C13D1C9E0B3F00DE9BD4 /* vv_booleanfunctionlearning_nexus.hpp */ = {isa = PBXFileReference; fileEncoding = 4; lastKnownFileType = sourcecode.cpp.h; path = vv_booleanfunctionlearning_nexus.hpp; sourceTree = "<group>"; };
		87A6C13F1C9E14FB00DE9BD4 /* random_helper.hpp */ = {isa = PBXFileReference; fileEncoding = 4; lastKnownFileType = sourcecode.cpp.h; path = random_helper.hpp; sourceTree = "<group>"; };
		87A6C1401C9E14FB00DE9BD4 /* random_helper.cpp */ = {isa = PBXFileReference; fileEncoding = 4; lastKnownFileType = sourcecode.cpp.cpp; path = random_helper.cpp; sourceTree = "<group>"; };
		87ABF56B1C77E80400AB7A5E /* vv_graphset.cpp */ = {isa = PBXFileReference; fileEncoding = 4; lastKnownFileType = sourcecode.cpp.cpp; path = vv_graphset.cpp; sourceTree = "<group>"; };
		87ABF56C1C77E80400AB7A5E /* vv_graphset.hpp */ = {isa = PBXFileReference; fileEncoding = 4; lastKnownFileType = sourcecode.cpp.h; path = vv_graphset.hpp; sourceTree = "<group>"; };
/* End PBXFileReference section */

/* Begin PBXFrameworksBuildPhase section */
		878522731C63D51C005952EE /* Frameworks */ = {
			isa = PBXFrameworksBuildPhase;
			buildActionMask = 2147483647;
			files = (
			);
			runOnlyForDeploymentPostprocessing = 0;
		};
/* End PBXFrameworksBuildPhase section */

/* Begin PBXGroup section */
		8785226D1C63D51C005952EE = {
			isa = PBXGroup;
			children = (
				878522781C63D51C005952EE /* chatbot1 */,
				878522771C63D51C005952EE /* Products */,
			);
			sourceTree = "<group>";
		};
		878522771C63D51C005952EE /* Products */ = {
			isa = PBXGroup;
			children = (
				878522761C63D51C005952EE /* chatbot1 */,
			);
			name = Products;
			sourceTree = "<group>";
		};
		878522781C63D51C005952EE /* chatbot1 */ = {
			isa = PBXGroup;
			children = (
				878522791C63D51C005952EE /* main.cpp */,
				87A6C13D1C9E0B3F00DE9BD4 /* vv_booleanfunctionlearning_nexus.hpp */,
				87A6C13C1C9E0B3F00DE9BD4 /* vv_booleanfunctionlearning_nexus.cpp */,
				878522921C641468005952EE /* vv_chatbot_nexus.hpp */,
				878522911C641468005952EE /* vv_chatbot_nexus.cpp */,
				878522981C66DA52005952EE /* utilities */,
				878522941C644F2E005952EE /* motivation_circuit */,
				8785228D1C64107A005952EE /* knowledge_intermediary */,
				878522831C63E7F3005952EE /* knowledge_nexus */,
			);
			path = chatbot1;
			sourceTree = "<group>";
		};
		878522831C63E7F3005952EE /* knowledge_nexus */ = {
			isa = PBXGroup;
			children = (
				878522851C63E816005952EE /* vv_knowledge_nexus.hpp */,
				878522841C63E816005952EE /* vv_knowledge_nexus.cpp */,
				87ABF56C1C77E80400AB7A5E /* vv_graphset.hpp */,
				87ABF56B1C77E80400AB7A5E /* vv_graphset.cpp */,
			);
			name = knowledge_nexus;
			sourceTree = "<group>";
		};
		8785228D1C64107A005952EE /* knowledge_intermediary */ = {
			isa = PBXGroup;
			children = (
				8785228F1C6410A0005952EE /* vv_stimulus_translator.hpp */,
				8785228E1C6410A0005952EE /* vv_stimulus_translator.cpp */,
			);
			name = knowledge_intermediary;
			sourceTree = "<group>";
		};
		878522941C644F2E005952EE /* motivation_circuit */ = {
			isa = PBXGroup;
			children = (
				878522961C644F40005952EE /* vv_motivation_circuit.hpp */,
				878522951C644F40005952EE /* vv_motivation_circuit.cpp */,
			);
			name = motivation_circuit;
			sourceTree = "<group>";
		};
		878522981C66DA52005952EE /* utilities */ = {
			isa = PBXGroup;
			children = (
				87A6C13F1C9E14FB00DE9BD4 /* random_helper.hpp */,
				87A6C1401C9E14FB00DE9BD4 /* random_helper.cpp */,
				8785229A1C66DA67005952EE /* vv_utilities.hpp */,
				878522991C66DA67005952EE /* vv_utilities.cpp */,
			);
			name = utilities;
			sourceTree = "<group>";
		};
/* End PBXGroup section */

/* Begin PBXNativeTarget section */
		878522751C63D51C005952EE /* chatbot1 */ = {
			isa = PBXNativeTarget;
			buildConfigurationList = 8785227D1C63D51C005952EE /* Build configuration list for PBXNativeTarget "chatbot1" */;
			buildPhases = (
				878522721C63D51C005952EE /* Sources */,
				878522731C63D51C005952EE /* Frameworks */,
				878522741C63D51C005952EE /* CopyFiles */,
			);
			buildRules = (
			);
			dependencies = (
			);
			name = chatbot1;
			productName = chatbot1;
			productReference = 878522761C63D51C005952EE /* chatbot1 */;
			productType = "com.apple.product-type.tool";
		};
/* End PBXNativeTarget section */

/* Begin PBXProject section */
		8785226E1C63D51C005952EE /* Project object */ = {
			isa = PBXProject;
			attributes = {
				LastUpgradeCheck = 0720;
				ORGANIZATIONNAME = vervious;
				TargetAttributes = {
					878522751C63D51C005952EE = {
						CreatedOnToolsVersion = 7.2;
					};
				};
			};
			buildConfigurationList = 878522711C63D51C005952EE /* Build configuration list for PBXProject "chatbot1" */;
			compatibilityVersion = "Xcode 3.2";
			developmentRegion = English;
			hasScannedForEncodings = 0;
			knownRegions = (
				en,
			);
			mainGroup = 8785226D1C63D51C005952EE;
			productRefGroup = 878522771C63D51C005952EE /* Products */;
			projectDirPath = "";
			projectRoot = "";
			targets = (
				878522751C63D51C005952EE /* chatbot1 */,
			);
		};
/* End PBXProject section */

/* Begin PBXSourcesBuildPhase section */
		878522721C63D51C005952EE /* Sources */ = {
			isa = PBXSourcesBuildPhase;
			buildActionMask = 2147483647;
			files = (
				87A6C1411C9E14FB00DE9BD4 /* random_helper.cpp in Sources */,
				878522931C641468005952EE /* vv_chatbot_nexus.cpp in Sources */,
				87A6C13E1C9E0B3F00DE9BD4 /* vv_booleanfunctionlearning_nexus.cpp in Sources */,
				87ABF56D1C77E80400AB7A5E /* vv_graphset.cpp in Sources */,
				878522971C644F40005952EE /* vv_motivation_circuit.cpp in Sources */,
				878522861C63E816005952EE /* vv_knowledge_nexus.cpp in Sources */,
				878522901C6410A0005952EE /* vv_stimulus_translator.cpp in Sources */,
				8785229B1C66DA67005952EE /* vv_utilities.cpp in Sources */,
				8785227A1C63D51C005952EE /* main.cpp in Sources */,
			);
			runOnlyForDeploymentPostprocessing = 0;
		};
/* End PBXSourcesBuildPhase section */

/* Begin XCBuildConfiguration section */
		8785227B1C63D51C005952EE /* Debug */ = {
			isa = XCBuildConfiguration;
			buildSettings = {
				ALWAYS_SEARCH_USER_PATHS = YES;
				CLANG_CXX_LANGUAGE_STANDARD = "gnu++0x";
				CLANG_CXX_LIBRARY = "libc++";
				CLANG_ENABLE_MODULES = YES;
				CLANG_ENABLE_OBJC_ARC = YES;
				CLANG_WARN_BOOL_CONVERSION = YES;
				CLANG_WARN_CONSTANT_CONVERSION = YES;
				CLANG_WARN_DIRECT_OBJC_ISA_USAGE = YES_ERROR;
				CLANG_WARN_EMPTY_BODY = YES;
				CLANG_WARN_ENUM_CONVERSION = YES;
				CLANG_WARN_INT_CONVERSION = YES;
				CLANG_WARN_OBJC_ROOT_CLASS = YES_ERROR;
				CLANG_WARN_UNREACHABLE_CODE = YES;
				CLANG_WARN__DUPLICATE_METHOD_MATCH = YES;
				CODE_SIGN_IDENTITY = "-";
				COPY_PHASE_STRIP = NO;
				DEBUG_INFORMATION_FORMAT = dwarf;
				ENABLE_STRICT_OBJC_MSGSEND = YES;
				ENABLE_TESTABILITY = YES;
				GCC_C_LANGUAGE_STANDARD = gnu99;
				GCC_DYNAMIC_NO_PIC = NO;
				GCC_NO_COMMON_BLOCKS = YES;
				GCC_OPTIMIZATION_LEVEL = 0;
				GCC_PREPROCESSOR_DEFINITIONS = (
					"DEBUG=1",
					"$(inherited)",
				);
				GCC_WARN_64_TO_32_BIT_CONVERSION = YES;
				GCC_WARN_ABOUT_RETURN_TYPE = YES_ERROR;
				GCC_WARN_UNDECLARED_SELECTOR = YES;
				GCC_WARN_UNINITIALIZED_AUTOS = YES_AGGRESSIVE;
				GCC_WARN_UNUSED_FUNCTION = YES;
				GCC_WARN_UNUSED_VARIABLE = YES;
				MACOSX_DEPLOYMENT_TARGET = 10.11;
				MTL_ENABLE_DEBUG_INFO = YES;
				ONLY_ACTIVE_ARCH = YES;
				SDKROOT = macosx;
			};
			name = Debug;
		};
		8785227C1C63D51C005952EE /* Release */ = {
			isa = XCBuildConfiguration;
			buildSettings = {
				ALWAYS_SEARCH_USER_PATHS = YES;
				CLANG_CXX_LANGUAGE_STANDARD = "gnu++0x";
				CLANG_CXX_LIBRARY = "libc++";
				CLANG_ENABLE_MODULES = YES;
				CLANG_ENABLE_OBJC_ARC = YES;
				CLANG_WARN_BOOL_CONVERSION = YES;
				CLANG_WARN_CONSTANT_CONVERSION = YES;
				CLANG_WARN_DIRECT_OBJC_ISA_USAGE = YES_ERROR;
				CLANG_WARN_EMPTY_BODY = YES;
				CLANG_WARN_ENUM_CONVERSION = YES;
				CLANG_WARN_INT_CONVERSION = YES;
				CLANG_WARN_OBJC_ROOT_CLASS = YES_ERROR;
				CLANG_WARN_UNREACHABLE_CODE = YES;
				CLANG_WARN__DUPLICATE_METHOD_MATCH = YES;
				CODE_SIGN_IDENTITY = "-";
				COPY_PHASE_STRIP = NO;
				DEBUG_INFORMATION_FORMAT = "dwarf-with-dsym";
				ENABLE_NS_ASSERTIONS = NO;
				ENABLE_STRICT_OBJC_MSGSEND = YES;
				GCC_C_LANGUAGE_STANDARD = gnu99;
				GCC_NO_COMMON_BLOCKS = YES;
				GCC_WARN_64_TO_32_BIT_CONVERSION = YES;
				GCC_WARN_ABOUT_RETURN_TYPE = YES_ERROR;
				GCC_WARN_UNDECLARED_SELECTOR = YES;
				GCC_WARN_UNINITIALIZED_AUTOS = YES_AGGRESSIVE;
				GCC_WARN_UNUSED_FUNCTION = YES;
				GCC_WARN_UNUSED_VARIABLE = YES;
				MACOSX_DEPLOYMENT_TARGET = 10.11;
				MTL_ENABLE_DEBUG_INFO = NO;
				SDKROOT = macosx;
			};
			name = Release;
		};
		8785227E1C63D51C005952EE /* Debug */ = {
			isa = XCBuildConfiguration;
			buildSettings = {
				PRODUCT_NAME = "$(TARGET_NAME)";
				"USER_HEADER_SEARCH_PATHS[arch=*]" = "$(LIBRARY_USR_LOCAL_INCLUDE)";
				"WARNING_CFLAGS[arch=*]" = "-Wno-gnu";
			};
			name = Debug;
		};
		8785227F1C63D51C005952EE /* Release */ = {
			isa = XCBuildConfiguration;
			buildSettings = {
				PRODUCT_NAME = "$(TARGET_NAME)";
				"USER_HEADER_SEARCH_PATHS[arch=*]" = "$(LIBRARY_USR_LOCAL_INCLUDE)";
			};
			name = Release;
		};
/* End XCBuildConfiguration section */

/* Begin XCConfigurationList section */
		878522711C63D51C005952EE /* Build configuration list for PBXProject "chatbot1" */ = {
			isa = XCConfigurationList;
			buildConfigurations = (
				8785227B1C63D51C005952EE /* Debug */,
				8785227C1C63D51C005952EE /* Release */,
			);
			defaultConfigurationIsVisible = 0;
			defaultConfigurationName = Release;
		};
		8785227D1C63D51C005952EE /* Build configuration list for PBXNativeTarget "chatbot1" */ = {
			isa = XCConfigurationList;
			buildConfigurations = (
				8785227E1C63D51C005952EE /* Debug */,
				8785227F1C63D51C005952EE /* Release */,
			);
			defaultConfigurationIsVisible = 0;
			defaultConfigurationName = Release;
		};
/* End XCConfigurationList section */
	};
	rootObject = 8785226E1C63D51C005952EE /* Project object */;
}
